
Microsoft Visual Studio Solution File, Format Version 12.00
# Visual Studio Version 16
VisualStudioVersion = 16.0.30804.86
MinimumVisualStudioVersion = 10.0.40219.1
Project("{FAE04EC0-301F-11D3-BF4B-00C04F79EFBC}") = "Constructors", "Constructors\Constructors.csproj", "{E91BBD6D-7AEE-4564-8576-0B069A617C0C}"
EndProject
Project("{FAE04EC0-301F-11D3-BF4B-00C04F79EFBC}") = "Generics", "Generic\Generics.csproj", "{BFCC8C7B-4AD8-486B-BF9E-02004925AEA0}"
EndProject
Project("{FAE04EC0-301F-11D3-BF4B-00C04F79EFBC}") = "Dictionary", "Dictionary\Dictionary.csproj", "{E971B95F-3E4C-44FE-8B29-182A2D11BD1B}"
EndProject
Global
	GlobalSection(SolutionConfigurationPlatforms) = preSolution
		Debug|Any CPU = Debug|Any CPU
		Release|Any CPU = Release|Any CPU
	EndGlobalSection
	GlobalSection(ProjectConfigurationPlatforms) = postSolution
		{E91BBD6D-7AEE-4564-8576-0B069A617C0C}.Debug|Any CPU.ActiveCfg = Debug|Any CPU
		{E91BBD6D-7AEE-4564-8576-0B069A617C0C}.Debug|Any CPU.Build.0 = Debug|Any CPU
		{E91BBD6D-7AEE-4564-8576-0B069A617C0C}.Release|Any CPU.ActiveCfg = Release|Any CPU
		{E91BBD6D-7AEE-4564-8576-0B069A617C0C}.Release|Any CPU.Build.0 = Release|Any CPU
		{BFCC8C7B-4AD8-486B-BF9E-02004925AEA0}.Debug|Any CPU.ActiveCfg = Debug|Any CPU
		{BFCC8C7B-4AD8-486B-BF9E-02004925AEA0}.Debug|Any CPU.Build.0 = Debug|Any CPU
		{BFCC8C7B-4AD8-486B-BF9E-02004925AEA0}.Release|Any CPU.ActiveCfg = Release|Any CPU
		{BFCC8C7B-4AD8-486B-BF9E-02004925AEA0}.Release|Any CPU.Build.0 = Release|Any CPU
		{E971B95F-3E4C-44FE-8B29-182A2D11BD1B}.Debug|Any CPU.ActiveCfg = Debug|Any CPU
		{E971B95F-3E4C-44FE-8B29-182A2D11BD1B}.Debug|Any CPU.Build.0 = Debug|Any CPU
		{E971B95F-3E4C-44FE-8B29-182A2D11BD1B}.Release|Any CPU.ActiveCfg = Release|Any CPU
		{E971B95F-3E4C-44FE-8B29-182A2D11BD1B}.Release|Any CPU.Build.0 = Release|Any CPU
	EndGlobalSection
	GlobalSection(SolutionProperties) = preSolution
		HideSolutionNode = FALSE
	EndGlobalSection
	GlobalSection(ExtensibilityGlobals) = postSolution
		SolutionGuid = {17C58798-974A-4985-92DF-4CACA68051C0}
	EndGlobalSection
EndGlobal
